// !$*UTF8*$!
{
	archiveVersion = 1;
	classes = {
	};
	objectVersion = 55;
	objects = {

/* Begin PBXBuildFile section */
		4AED408D28B709D60067ECBB /* TCAPracticeApp.swift in Sources */ = {isa = PBXBuildFile; fileRef = 4AED408C28B709D60067ECBB /* TCAPracticeApp.swift */; };
		4AED408F28B709D60067ECBB /* ContentView.swift in Sources */ = {isa = PBXBuildFile; fileRef = 4AED408E28B709D60067ECBB /* ContentView.swift */; };
		4AED409128B709D70067ECBB /* Assets.xcassets in Resources */ = {isa = PBXBuildFile; fileRef = 4AED409028B709D70067ECBB /* Assets.xcassets */; };
		4AED409428B709D70067ECBB /* Preview Assets.xcassets in Resources */ = {isa = PBXBuildFile; fileRef = 4AED409328B709D70067ECBB /* Preview Assets.xcassets */; };
		4AED409E28B709D70067ECBB /* TCAPracticeTests.swift in Sources */ = {isa = PBXBuildFile; fileRef = 4AED409D28B709D70067ECBB /* TCAPracticeTests.swift */; };
		4AED40A828B709D70067ECBB /* TCAPracticeUITests.swift in Sources */ = {isa = PBXBuildFile; fileRef = 4AED40A728B709D70067ECBB /* TCAPracticeUITests.swift */; };
		4AED40AA28B709D70067ECBB /* TCAPracticeUITestsLaunchTests.swift in Sources */ = {isa = PBXBuildFile; fileRef = 4AED40A928B709D70067ECBB /* TCAPracticeUITestsLaunchTests.swift */; };
		4AED40B828B70E3E0067ECBB /* ComposableArchitecture in Frameworks */ = {isa = PBXBuildFile; productRef = 4AED40B728B70E3E0067ECBB /* ComposableArchitecture */; };
		4AED40BB28B70E950067ECBB /* CounterView.swift in Sources */ = {isa = PBXBuildFile; fileRef = 4AED40BA28B70E950067ECBB /* CounterView.swift */; };
		4AED40BF28B7305C0067ECBB /* Memo.swift in Sources */ = {isa = PBXBuildFile; fileRef = 4AED40BE28B7305C0067ECBB /* Memo.swift */; };
		4AED40C128B730AA0067ECBB /* MemoClient.swift in Sources */ = {isa = PBXBuildFile; fileRef = 4AED40C028B730AA0067ECBB /* MemoClient.swift */; };
		4AED40C328B731D90067ECBB /* MemoView.swift in Sources */ = {isa = PBXBuildFile; fileRef = 4AED40C228B731D90067ECBB /* MemoView.swift */; };
		4AED40C628B74B4F0067ECBB /* TodoView.swift in Sources */ = {isa = PBXBuildFile; fileRef = 4AED40C528B74B4F0067ECBB /* TodoView.swift */; };
/* End PBXBuildFile section */

/* Begin PBXContainerItemProxy section */
		4AED409A28B709D70067ECBB /* PBXContainerItemProxy */ = {
			isa = PBXContainerItemProxy;
			containerPortal = 4AED408128B709D60067ECBB /* Project object */;
			proxyType = 1;
			remoteGlobalIDString = 4AED408828B709D60067ECBB;
			remoteInfo = TCAPractice;
		};
		4AED40A428B709D70067ECBB /* PBXContainerItemProxy */ = {
			isa = PBXContainerItemProxy;
			containerPortal = 4AED408128B709D60067ECBB /* Project object */;
			proxyType = 1;
			remoteGlobalIDString = 4AED408828B709D60067ECBB;
			remoteInfo = TCAPractice;
		};
/* End PBXContainerItemProxy section */

/* Begin PBXFileReference section */
		4AED408928B709D60067ECBB /* TCAPractice.app */ = {isa = PBXFileReference; explicitFileType = wrapper.application; includeInIndex = 0; path = TCAPractice.app; sourceTree = BUILT_PRODUCTS_DIR; };
		4AED408C28B709D60067ECBB /* TCAPracticeApp.swift */ = {isa = PBXFileReference; lastKnownFileType = sourcecode.swift; path = TCAPracticeApp.swift; sourceTree = "<group>"; };
		4AED408E28B709D60067ECBB /* ContentView.swift */ = {isa = PBXFileReference; lastKnownFileType = sourcecode.swift; path = ContentView.swift; sourceTree = "<group>"; };
		4AED409028B709D70067ECBB /* Assets.xcassets */ = {isa = PBXFileReference; lastKnownFileType = folder.assetcatalog; path = Assets.xcassets; sourceTree = "<group>"; };
		4AED409328B709D70067ECBB /* Preview Assets.xcassets */ = {isa = PBXFileReference; lastKnownFileType = folder.assetcatalog; path = "Preview Assets.xcassets"; sourceTree = "<group>"; };
		4AED409928B709D70067ECBB /* TCAPracticeTests.xctest */ = {isa = PBXFileReference; explicitFileType = wrapper.cfbundle; includeInIndex = 0; path = TCAPracticeTests.xctest; sourceTree = BUILT_PRODUCTS_DIR; };
		4AED409D28B709D70067ECBB /* TCAPracticeTests.swift */ = {isa = PBXFileReference; lastKnownFileType = sourcecode.swift; path = TCAPracticeTests.swift; sourceTree = "<group>"; };
		4AED40A328B709D70067ECBB /* TCAPracticeUITests.xctest */ = {isa = PBXFileReference; explicitFileType = wrapper.cfbundle; includeInIndex = 0; path = TCAPracticeUITests.xctest; sourceTree = BUILT_PRODUCTS_DIR; };
		4AED40A728B709D70067ECBB /* TCAPracticeUITests.swift */ = {isa = PBXFileReference; lastKnownFileType = sourcecode.swift; path = TCAPracticeUITests.swift; sourceTree = "<group>"; };
		4AED40A928B709D70067ECBB /* TCAPracticeUITestsLaunchTests.swift */ = {isa = PBXFileReference; lastKnownFileType = sourcecode.swift; path = TCAPracticeUITestsLaunchTests.swift; sourceTree = "<group>"; };
		4AED40BA28B70E950067ECBB /* CounterView.swift */ = {isa = PBXFileReference; lastKnownFileType = sourcecode.swift; path = CounterView.swift; sourceTree = "<group>"; };
		4AED40BE28B7305C0067ECBB /* Memo.swift */ = {isa = PBXFileReference; lastKnownFileType = sourcecode.swift; path = Memo.swift; sourceTree = "<group>"; };
		4AED40C028B730AA0067ECBB /* MemoClient.swift */ = {isa = PBXFileReference; lastKnownFileType = sourcecode.swift; path = MemoClient.swift; sourceTree = "<group>"; };
		4AED40C228B731D90067ECBB /* MemoView.swift */ = {isa = PBXFileReference; lastKnownFileType = sourcecode.swift; path = MemoView.swift; sourceTree = "<group>"; };
		4AED40C528B74B4F0067ECBB /* TodoView.swift */ = {isa = PBXFileReference; lastKnownFileType = sourcecode.swift; path = TodoView.swift; sourceTree = "<group>"; };
/* End PBXFileReference section */

/* Begin PBXFrameworksBuildPhase section */
		4AED408628B709D60067ECBB /* Frameworks */ = {
			isa = PBXFrameworksBuildPhase;
			buildActionMask = 2147483647;
			files = (
				4AED40B828B70E3E0067ECBB /* ComposableArchitecture in Frameworks */,
			);
			runOnlyForDeploymentPostprocessing = 0;
		};
		4AED409628B709D70067ECBB /* Frameworks */ = {
			isa = PBXFrameworksBuildPhase;
			buildActionMask = 2147483647;
			files = (
			);
			runOnlyForDeploymentPostprocessing = 0;
		};
		4AED40A028B709D70067ECBB /* Frameworks */ = {
			isa = PBXFrameworksBuildPhase;
			buildActionMask = 2147483647;
			files = (
			);
			runOnlyForDeploymentPostprocessing = 0;
		};
/* End PBXFrameworksBuildPhase section */

/* Begin PBXGroup section */
		4AED408028B709D60067ECBB = {
			isa = PBXGroup;
			children = (
				4AED408B28B709D60067ECBB /* TCAPractice */,
				4AED409C28B709D70067ECBB /* TCAPracticeTests */,
				4AED40A628B709D70067ECBB /* TCAPracticeUITests */,
				4AED408A28B709D60067ECBB /* Products */,
			);
			sourceTree = "<group>";
		};
		4AED408A28B709D60067ECBB /* Products */ = {
			isa = PBXGroup;
			children = (
				4AED408928B709D60067ECBB /* TCAPractice.app */,
				4AED409928B709D70067ECBB /* TCAPracticeTests.xctest */,
				4AED40A328B709D70067ECBB /* TCAPracticeUITests.xctest */,
			);
			name = Products;
			sourceTree = "<group>";
		};
		4AED408B28B709D60067ECBB /* TCAPractice */ = {
			isa = PBXGroup;
			children = (
				4AED40C828B74C560067ECBB /* Todo */,
				4AED40C728B74C450067ECBB /* Memo */,
				4AED40B928B70E8E0067ECBB /* Counter */,
				4AED408C28B709D60067ECBB /* TCAPracticeApp.swift */,
				4AED408E28B709D60067ECBB /* ContentView.swift */,
				4AED409028B709D70067ECBB /* Assets.xcassets */,
				4AED409228B709D70067ECBB /* Preview Content */,
			);
			path = TCAPractice;
			sourceTree = "<group>";
		};
		4AED409228B709D70067ECBB /* Preview Content */ = {
			isa = PBXGroup;
			children = (
				4AED409328B709D70067ECBB /* Preview Assets.xcassets */,
			);
			path = "Preview Content";
			sourceTree = "<group>";
		};
		4AED409C28B709D70067ECBB /* TCAPracticeTests */ = {
			isa = PBXGroup;
			children = (
				4AED409D28B709D70067ECBB /* TCAPracticeTests.swift */,
			);
			path = TCAPracticeTests;
			sourceTree = "<group>";
		};
		4AED40A628B709D70067ECBB /* TCAPracticeUITests */ = {
			isa = PBXGroup;
			children = (
				4AED40A728B709D70067ECBB /* TCAPracticeUITests.swift */,
				4AED40A928B709D70067ECBB /* TCAPracticeUITestsLaunchTests.swift */,
			);
			path = TCAPracticeUITests;
			sourceTree = "<group>";
		};
		4AED40B928B70E8E0067ECBB /* Counter */ = {
			isa = PBXGroup;
			children = (
				4AED40BA28B70E950067ECBB /* CounterView.swift */,
			);
			path = Counter;
			sourceTree = "<group>";
		};
		4AED40C728B74C450067ECBB /* Memo */ = {
			isa = PBXGroup;
			children = (
				4AED40BE28B7305C0067ECBB /* Memo.swift */,
				4AED40C228B731D90067ECBB /* MemoView.swift */,
				4AED40C028B730AA0067ECBB /* MemoClient.swift */,
			);
			path = Memo;
			sourceTree = "<group>";
		};
		4AED40C828B74C560067ECBB /* Todo */ = {
			isa = PBXGroup;
			children = (
				4AED40C528B74B4F0067ECBB /* TodoView.swift */,
			);
			path = Todo;
			sourceTree = "<group>";
		};
/* End PBXGroup section */

/* Begin PBXNativeTarget section */
		4AED408828B709D60067ECBB /* TCAPractice */ = {
			isa = PBXNativeTarget;
			buildConfigurationList = 4AED40AD28B709D70067ECBB /* Build configuration list for PBXNativeTarget "TCAPractice" */;
			buildPhases = (
				4AED408528B709D60067ECBB /* Sources */,
				4AED408628B709D60067ECBB /* Frameworks */,
				4AED408728B709D60067ECBB /* Resources */,
			);
			buildRules = (
			);
			dependencies = (
			);
			name = TCAPractice;
			packageProductDependencies = (
				4AED40B728B70E3E0067ECBB /* ComposableArchitecture */,
			);
			productName = TCAPractice;
			productReference = 4AED408928B709D60067ECBB /* TCAPractice.app */;
			productType = "com.apple.product-type.application";
		};
		4AED409828B709D70067ECBB /* TCAPracticeTests */ = {
			isa = PBXNativeTarget;
			buildConfigurationList = 4AED40B028B709D70067ECBB /* Build configuration list for PBXNativeTarget "TCAPracticeTests" */;
			buildPhases = (
				4AED409528B709D70067ECBB /* Sources */,
				4AED409628B709D70067ECBB /* Frameworks */,
				4AED409728B709D70067ECBB /* Resources */,
			);
			buildRules = (
			);
			dependencies = (
				4AED409B28B709D70067ECBB /* PBXTargetDependency */,
			);
			name = TCAPracticeTests;
			productName = TCAPracticeTests;
			productReference = 4AED409928B709D70067ECBB /* TCAPracticeTests.xctest */;
			productType = "com.apple.product-type.bundle.unit-test";
		};
		4AED40A228B709D70067ECBB /* TCAPracticeUITests */ = {
			isa = PBXNativeTarget;
			buildConfigurationList = 4AED40B328B709D70067ECBB /* Build configuration list for PBXNativeTarget "TCAPracticeUITests" */;
			buildPhases = (
				4AED409F28B709D70067ECBB /* Sources */,
				4AED40A028B709D70067ECBB /* Frameworks */,
				4AED40A128B709D70067ECBB /* Resources */,
			);
			buildRules = (
			);
			dependencies = (
				4AED40A528B709D70067ECBB /* PBXTargetDependency */,
			);
			name = TCAPracticeUITests;
			productName = TCAPracticeUITests;
			productReference = 4AED40A328B709D70067ECBB /* TCAPracticeUITests.xctest */;
			productType = "com.apple.product-type.bundle.ui-testing";
		};
/* End PBXNativeTarget section */

/* Begin PBXProject section */
		4AED408128B709D60067ECBB /* Project object */ = {
			isa = PBXProject;
			attributes = {
				BuildIndependentTargetsInParallel = 1;
				LastSwiftUpdateCheck = 1340;
				LastUpgradeCheck = 1340;
				TargetAttributes = {
					4AED408828B709D60067ECBB = {
						CreatedOnToolsVersion = 13.4.1;
					};
					4AED409828B709D70067ECBB = {
						CreatedOnToolsVersion = 13.4.1;
						TestTargetID = 4AED408828B709D60067ECBB;
					};
					4AED40A228B709D70067ECBB = {
						CreatedOnToolsVersion = 13.4.1;
						TestTargetID = 4AED408828B709D60067ECBB;
					};
				};
			};
			buildConfigurationList = 4AED408428B709D60067ECBB /* Build configuration list for PBXProject "TCAPractice" */;
			compatibilityVersion = "Xcode 13.0";
			developmentRegion = en;
			hasScannedForEncodings = 0;
			knownRegions = (
				en,
				Base,
			);
			mainGroup = 4AED408028B709D60067ECBB;
			packageReferences = (
				4AED40B628B70E3E0067ECBB /* XCRemoteSwiftPackageReference "swift-composable-architecture" */,
			);
			productRefGroup = 4AED408A28B709D60067ECBB /* Products */;
			projectDirPath = "";
			projectRoot = "";
			targets = (
				4AED408828B709D60067ECBB /* TCAPractice */,
				4AED409828B709D70067ECBB /* TCAPracticeTests */,
				4AED40A228B709D70067ECBB /* TCAPracticeUITests */,
			);
		};
/* End PBXProject section */

/* Begin PBXResourcesBuildPhase section */
		4AED408728B709D60067ECBB /* Resources */ = {
			isa = PBXResourcesBuildPhase;
			buildActionMask = 2147483647;
			files = (
				4AED409428B709D70067ECBB /* Preview Assets.xcassets in Resources */,
				4AED409128B709D70067ECBB /* Assets.xcassets in Resources */,
			);
			runOnlyForDeploymentPostprocessing = 0;
		};
		4AED409728B709D70067ECBB /* Resources */ = {
			isa = PBXResourcesBuildPhase;
			buildActionMask = 2147483647;
			files = (
			);
			runOnlyForDeploymentPostprocessing = 0;
		};
		4AED40A128B709D70067ECBB /* Resources */ = {
			isa = PBXResourcesBuildPhase;
			buildActionMask = 2147483647;
			files = (
			);
			runOnlyForDeploymentPostprocessing = 0;
		};
/* End PBXResourcesBuildPhase section */

/* Begin PBXSourcesBuildPhase section */
		4AED408528B709D60067ECBB /* Sources */ = {
			isa = PBXSourcesBuildPhase;
			buildActionMask = 2147483647;
			files = (
				4AED408F28B709D60067ECBB /* ContentView.swift in Sources */,
				4AED408D28B709D60067ECBB /* TCAPracticeApp.swift in Sources */,
				4AED40C628B74B4F0067ECBB /* TodoView.swift in Sources */,
				4AED40C128B730AA0067ECBB /* MemoClient.swift in Sources */,
				4AED40BB28B70E950067ECBB /* CounterView.swift in Sources */,
				4AED40C328B731D90067ECBB /* MemoView.swift in Sources */,
				4AED40BF28B7305C0067ECBB /* Memo.swift in Sources */,
			);
			runOnlyForDeploymentPostprocessing = 0;
		};
		4AED409528B709D70067ECBB /* Sources */ = {
			isa = PBXSourcesBuildPhase;
			buildActionMask = 2147483647;
			files = (
				4AED409E28B709D70067ECBB /* TCAPracticeTests.swift in Sources */,
			);
			runOnlyForDeploymentPostprocessing = 0;
		};
		4AED409F28B709D70067ECBB /* Sources */ = {
			isa = PBXSourcesBuildPhase;
			buildActionMask = 2147483647;
			files = (
				4AED40AA28B709D70067ECBB /* TCAPracticeUITestsLaunchTests.swift in Sources */,
				4AED40A828B709D70067ECBB /* TCAPracticeUITests.swift in Sources */,
			);
			runOnlyForDeploymentPostprocessing = 0;
		};
/* End PBXSourcesBuildPhase section */

/* Begin PBXTargetDependency section */
		4AED409B28B709D70067ECBB /* PBXTargetDependency */ = {
			isa = PBXTargetDependency;
			target = 4AED408828B709D60067ECBB /* TCAPractice */;
			targetProxy = 4AED409A28B709D70067ECBB /* PBXContainerItemProxy */;
		};
		4AED40A528B709D70067ECBB /* PBXTargetDependency */ = {
			isa = PBXTargetDependency;
			target = 4AED408828B709D60067ECBB /* TCAPractice */;
			targetProxy = 4AED40A428B709D70067ECBB /* PBXContainerItemProxy */;
		};
/* End PBXTargetDependency section */

/* Begin XCBuildConfiguration section */
		4AED40AB28B709D70067ECBB /* Debug */ = {
			isa = XCBuildConfiguration;
			buildSettings = {
				ALWAYS_SEARCH_USER_PATHS = NO;
				CLANG_ANALYZER_NONNULL = YES;
				CLANG_ANALYZER_NUMBER_OBJECT_CONVERSION = YES_AGGRESSIVE;
				CLANG_CXX_LANGUAGE_STANDARD = "gnu++17";
				CLANG_ENABLE_MODULES = YES;
				CLANG_ENABLE_OBJC_ARC = YES;
				CLANG_ENABLE_OBJC_WEAK = YES;
				CLANG_WARN_BLOCK_CAPTURE_AUTORELEASING = YES;
				CLANG_WARN_BOOL_CONVERSION = YES;
				CLANG_WARN_COMMA = YES;
				CLANG_WARN_CONSTANT_CONVERSION = YES;
				CLANG_WARN_DEPRECATED_OBJC_IMPLEMENTATIONS = YES;
				CLANG_WARN_DIRECT_OBJC_ISA_USAGE = YES_ERROR;
				CLANG_WARN_DOCUMENTATION_COMMENTS = YES;
				CLANG_WARN_EMPTY_BODY = YES;
				CLANG_WARN_ENUM_CONVERSION = YES;
				CLANG_WARN_INFINITE_RECURSION = YES;
				CLANG_WARN_INT_CONVERSION = YES;
				CLANG_WARN_NON_LITERAL_NULL_CONVERSION = YES;
				CLANG_WARN_OBJC_IMPLICIT_RETAIN_SELF = YES;
				CLANG_WARN_OBJC_LITERAL_CONVERSION = YES;
				CLANG_WARN_OBJC_ROOT_CLASS = YES_ERROR;
				CLANG_WARN_QUOTED_INCLUDE_IN_FRAMEWORK_HEADER = YES;
				CLANG_WARN_RANGE_LOOP_ANALYSIS = YES;
				CLANG_WARN_STRICT_PROTOTYPES = YES;
				CLANG_WARN_SUSPICIOUS_MOVE = YES;
				CLANG_WARN_UNGUARDED_AVAILABILITY = YES_AGGRESSIVE;
				CLANG_WARN_UNREACHABLE_CODE = YES;
				CLANG_WARN__DUPLICATE_METHOD_MATCH = YES;
				COPY_PHASE_STRIP = NO;
				DEBUG_INFORMATION_FORMAT = dwarf;
				ENABLE_STRICT_OBJC_MSGSEND = YES;
				ENABLE_TESTABILITY = YES;
				GCC_C_LANGUAGE_STANDARD = gnu11;
				GCC_DYNAMIC_NO_PIC = NO;
				GCC_NO_COMMON_BLOCKS = YES;
				GCC_OPTIMIZATION_LEVEL = 0;
				GCC_PREPROCESSOR_DEFINITIONS = (
					"DEBUG=1",
					"$(inherited)",
				);
				GCC_WARN_64_TO_32_BIT_CONVERSION = YES;
				GCC_WARN_ABOUT_RETURN_TYPE = YES_ERROR;
				GCC_WARN_UNDECLARED_SELECTOR = YES;
				GCC_WARN_UNINITIALIZED_AUTOS = YES_AGGRESSIVE;
				GCC_WARN_UNUSED_FUNCTION = YES;
				GCC_WARN_UNUSED_VARIABLE = YES;
				IPHONEOS_DEPLOYMENT_TARGET = 15.5;
				MTL_ENABLE_DEBUG_INFO = INCLUDE_SOURCE;
				MTL_FAST_MATH = YES;
				ONLY_ACTIVE_ARCH = YES;
				SDKROOT = iphoneos;
				SWIFT_ACTIVE_COMPILATION_CONDITIONS = DEBUG;
				SWIFT_OPTIMIZATION_LEVEL = "-Onone";
			};
			name = Debug;
		};
		4AED40AC28B709D70067ECBB /* Release */ = {
			isa = XCBuildConfiguration;
			buildSettings = {
				ALWAYS_SEARCH_USER_PATHS = NO;
				CLANG_ANALYZER_NONNULL = YES;
				CLANG_ANALYZER_NUMBER_OBJECT_CONVERSION = YES_AGGRESSIVE;
				CLANG_CXX_LANGUAGE_STANDARD = "gnu++17";
				CLANG_ENABLE_MODULES = YES;
				CLANG_ENABLE_OBJC_ARC = YES;
				CLANG_ENABLE_OBJC_WEAK = YES;
				CLANG_WARN_BLOCK_CAPTURE_AUTORELEASING = YES;
				CLANG_WARN_BOOL_CONVERSION = YES;
				CLANG_WARN_COMMA = YES;
				CLANG_WARN_CONSTANT_CONVERSION = YES;
				CLANG_WARN_DEPRECATED_OBJC_IMPLEMENTATIONS = YES;
				CLANG_WARN_DIRECT_OBJC_ISA_USAGE = YES_ERROR;
				CLANG_WARN_DOCUMENTATION_COMMENTS = YES;
				CLANG_WARN_EMPTY_BODY = YES;
				CLANG_WARN_ENUM_CONVERSION = YES;
				CLANG_WARN_INFINITE_RECURSION = YES;
				CLANG_WARN_INT_CONVERSION = YES;
				CLANG_WARN_NON_LITERAL_NULL_CONVERSION = YES;
				CLANG_WARN_OBJC_IMPLICIT_RETAIN_SELF = YES;
				CLANG_WARN_OBJC_LITERAL_CONVERSION = YES;
				CLANG_WARN_OBJC_ROOT_CLASS = YES_ERROR;
				CLANG_WARN_QUOTED_INCLUDE_IN_FRAMEWORK_HEADER = YES;
				CLANG_WARN_RANGE_LOOP_ANALYSIS = YES;
				CLANG_WARN_STRICT_PROTOTYPES = YES;
				CLANG_WARN_SUSPICIOUS_MOVE = YES;
				CLANG_WARN_UNGUARDED_AVAILABILITY = YES_AGGRESSIVE;
				CLANG_WARN_UNREACHABLE_CODE = YES;
				CLANG_WARN__DUPLICATE_METHOD_MATCH = YES;
				COPY_PHASE_STRIP = NO;
				DEBUG_INFORMATION_FORMAT = "dwarf-with-dsym";
				ENABLE_NS_ASSERTIONS = NO;
				ENABLE_STRICT_OBJC_MSGSEND = YES;
				GCC_C_LANGUAGE_STANDARD = gnu11;
				GCC_NO_COMMON_BLOCKS = YES;
				GCC_WARN_64_TO_32_BIT_CONVERSION = YES;
				GCC_WARN_ABOUT_RETURN_TYPE = YES_ERROR;
				GCC_WARN_UNDECLARED_SELECTOR = YES;
				GCC_WARN_UNINITIALIZED_AUTOS = YES_AGGRESSIVE;
				GCC_WARN_UNUSED_FUNCTION = YES;
				GCC_WARN_UNUSED_VARIABLE = YES;
				IPHONEOS_DEPLOYMENT_TARGET = 15.5;
				MTL_ENABLE_DEBUG_INFO = NO;
				MTL_FAST_MATH = YES;
				SDKROOT = iphoneos;
				SWIFT_COMPILATION_MODE = wholemodule;
				SWIFT_OPTIMIZATION_LEVEL = "-O";
				VALIDATE_PRODUCT = YES;
			};
			name = Release;
		};
		4AED40AE28B709D70067ECBB /* Debug */ = {
			isa = XCBuildConfiguration;
			buildSettings = {
				ASSETCATALOG_COMPILER_APPICON_NAME = AppIcon;
				ASSETCATALOG_COMPILER_GLOBAL_ACCENT_COLOR_NAME = AccentColor;
				CODE_SIGN_STYLE = Automatic;
				CURRENT_PROJECT_VERSION = 1;
				DEVELOPMENT_ASSET_PATHS = "\"TCAPractice/Preview Content\"";
				DEVELOPMENT_TEAM = D64MDUWZ72;
				ENABLE_PREVIEWS = YES;
				GENERATE_INFOPLIST_FILE = YES;
				INFOPLIST_FILE = TCAPractice/Info.plist;
				INFOPLIST_KEY_UIApplicationSceneManifest_Generation = YES;
				INFOPLIST_KEY_UIApplicationSupportsIndirectInputEvents = YES;
				INFOPLIST_KEY_UILaunchScreen_Generation = YES;
				INFOPLIST_KEY_UISupportedInterfaceOrientations_iPad = "UIInterfaceOrientationPortrait UIInterfaceOrientationPortraitUpsideDown UIInterfaceOrientationLandscapeLeft UIInterfaceOrientationLandscapeRight";
				INFOPLIST_KEY_UISupportedInterfaceOrientations_iPhone = "UIInterfaceOrientationPortrait UIInterfaceOrientationLandscapeLeft UIInterfaceOrientationLandscapeRight";
				LD_RUNPATH_SEARCH_PATHS = (
					"$(inherited)",
					"@executable_path/Frameworks",
				);
				MARKETING_VERSION = 1.0;
				PRODUCT_BUNDLE_IDENTIFIER = com.harry.TCAPractice;
				PRODUCT_NAME = "$(TARGET_NAME)";
				SWIFT_EMIT_LOC_STRINGS = YES;
				SWIFT_VERSION = 5.0;
				TARGETED_DEVICE_FAMILY = "1,2";
			};
			name = Debug;
		};
		4AED40AF28B709D70067ECBB /* Release */ = {
			isa = XCBuildConfiguration;
			buildSettings = {
				ASSETCATALOG_COMPILER_APPICON_NAME = AppIcon;
				ASSETCATALOG_COMPILER_GLOBAL_ACCENT_COLOR_NAME = AccentColor;
				CODE_SIGN_STYLE = Automatic;
				CURRENT_PROJECT_VERSION = 1;
				DEVELOPMENT_ASSET_PATHS = "\"TCAPractice/Preview Content\"";
				DEVELOPMENT_TEAM = D64MDUWZ72;
				ENABLE_PREVIEWS = YES;
				GENERATE_INFOPLIST_FILE = YES;
				INFOPLIST_FILE = TCAPractice/Info.plist;
				INFOPLIST_KEY_UIApplicationSceneManifest_Generation = YES;
				INFOPLIST_KEY_UIApplicationSupportsIndirectInputEvents = YES;
				INFOPLIST_KEY_UILaunchScreen_Generation = YES;
				INFOPLIST_KEY_UISupportedInterfaceOrientations_iPad = "UIInterfaceOrientationPortrait UIInterfaceOrientationPortraitUpsideDown UIInterfaceOrientationLandscapeLeft UIInterfaceOrientationLandscapeRight";
				INFOPLIST_KEY_UISupportedInterfaceOrientations_iPhone = "UIInterfaceOrientationPortrait UIInterfaceOrientationLandscapeLeft UIInterfaceOrientationLandscapeRight";
				LD_RUNPATH_SEARCH_PATHS = (
					"$(inherited)",
					"@executable_path/Frameworks",
				);
				MARKETING_VERSION = 1.0;
				PRODUCT_BUNDLE_IDENTIFIER = com.harry.TCAPractice;
				PRODUCT_NAME = "$(TARGET_NAME)";
				SWIFT_EMIT_LOC_STRINGS = YES;
				SWIFT_VERSION = 5.0;
				TARGETED_DEVICE_FAMILY = "1,2";
			};
			name = Release;
		};
		4AED40B128B709D70067ECBB /* Debug */ = {
			isa = XCBuildConfiguration;
			buildSettings = {
				ALWAYS_EMBED_SWIFT_STANDARD_LIBRARIES = YES;
				BUNDLE_LOADER = "$(TEST_HOST)";
				CODE_SIGN_STYLE = Automatic;
				CURRENT_PROJECT_VERSION = 1;
				DEVELOPMENT_TEAM = D64MDUWZ72;
				GENERATE_INFOPLIST_FILE = YES;
				IPHONEOS_DEPLOYMENT_TARGET = 15.5;
				MARKETING_VERSION = 1.0;
				PRODUCT_BUNDLE_IDENTIFIER = com.harry.TCAPracticeTests;
				PRODUCT_NAME = "$(TARGET_NAME)";
				SWIFT_EMIT_LOC_STRINGS = NO;
				SWIFT_VERSION = 5.0;
				TARGETED_DEVICE_FAMILY = "1,2";
				TEST_HOST = "$(BUILT_PRODUCTS_DIR)/TCAPractice.app/TCAPractice";
			};
			name = Debug;
		};
		4AED40B228B709D70067ECBB /* Release */ = {
			isa = XCBuildConfiguration;
			buildSettings = {
				ALWAYS_EMBED_SWIFT_STANDARD_LIBRARIES = YES;
				BUNDLE_LOADER = "$(TEST_HOST)";
				CODE_SIGN_STYLE = Automatic;
				CURRENT_PROJECT_VERSION = 1;
				DEVELOPMENT_TEAM = D64MDUWZ72;
				GENERATE_INFOPLIST_FILE = YES;
				IPHONEOS_DEPLOYMENT_TARGET = 15.5;
				MARKETING_VERSION = 1.0;
				PRODUCT_BUNDLE_IDENTIFIER = com.harry.TCAPracticeTests;
				PRODUCT_NAME = "$(TARGET_NAME)";
				SWIFT_EMIT_LOC_STRINGS = NO;
				SWIFT_VERSION = 5.0;
				TARGETED_DEVICE_FAMILY = "1,2";
				TEST_HOST = "$(BUILT_PRODUCTS_DIR)/TCAPractice.app/TCAPractice";
			};
			name = Release;
		};
		4AED40B428B709D70067ECBB /* Debug */ = {
			isa = XCBuildConfiguration;
			buildSettings = {
				ALWAYS_EMBED_SWIFT_STANDARD_LIBRARIES = YES;
				CODE_SIGN_STYLE = Automatic;
				CURRENT_PROJECT_VERSION = 1;
				DEVELOPMENT_TEAM = D64MDUWZ72;
				GENERATE_INFOPLIST_FILE = YES;
				MARKETING_VERSION = 1.0;
				PRODUCT_BUNDLE_IDENTIFIER = com.harry.TCAPracticeUITests;
				PRODUCT_NAME = "$(TARGET_NAME)";
				SWIFT_EMIT_LOC_STRINGS = NO;
				SWIFT_VERSION = 5.0;
				TARGETED_DEVICE_FAMILY = "1,2";
				TEST_TARGET_NAME = TCAPractice;
			};
			name = Debug;
		};
		4AED40B528B709D70067ECBB /* Release */ = {
			isa = XCBuildConfiguration;
			buildSettings = {
				ALWAYS_EMBED_SWIFT_STANDARD_LIBRARIES = YES;
				CODE_SIGN_STYLE = Automatic;
				CURRENT_PROJECT_VERSION = 1;
				DEVELOPMENT_TEAM = D64MDUWZ72;
				GENERATE_INFOPLIST_FILE = YES;
				MARKETING_VERSION = 1.0;
				PRODUCT_BUNDLE_IDENTIFIER = com.harry.TCAPracticeUITests;
				PRODUCT_NAME = "$(TARGET_NAME)";
				SWIFT_EMIT_LOC_STRINGS = NO;
				SWIFT_VERSION = 5.0;
				TARGETED_DEVICE_FAMILY = "1,2";
				TEST_TARGET_NAME = TCAPractice;
			};
			name = Release;
		};
/* End XCBuildConfiguration section */

/* Begin XCConfigurationList section */
		4AED408428B709D60067ECBB /* Build configuration list for PBXProject "TCAPractice" */ = {
			isa = XCConfigurationList;
			buildConfigurations = (
				4AED40AB28B709D70067ECBB /* Debug */,
				4AED40AC28B709D70067ECBB /* Release */,
			);
			defaultConfigurationIsVisible = 0;
			defaultConfigurationName = Release;
		};
		4AED40AD28B709D70067ECBB /* Build configuration list for PBXNativeTarget "TCAPractice" */ = {
			isa = XCConfigurationList;
			buildConfigurations = (
				4AED40AE28B709D70067ECBB /* Debug */,
				4AED40AF28B709D70067ECBB /* Release */,
			);
			defaultConfigurationIsVisible = 0;
			defaultConfigurationName = Release;
		};
		4AED40B028B709D70067ECBB /* Build configuration list for PBXNativeTarget "TCAPracticeTests" */ = {
			isa = XCConfigurationList;
			buildConfigurations = (
				4AED40B128B709D70067ECBB /* Debug */,
				4AED40B228B709D70067ECBB /* Release */,
			);
			defaultConfigurationIsVisible = 0;
			defaultConfigurationName = Release;
		};
		4AED40B328B709D70067ECBB /* Build configuration list for PBXNativeTarget "TCAPracticeUITests" */ = {
			isa = XCConfigurationList;
			buildConfigurations = (
				4AED40B428B709D70067ECBB /* Debug */,
				4AED40B528B709D70067ECBB /* Release */,
			);
			defaultConfigurationIsVisible = 0;
			defaultConfigurationName = Release;
		};
/* End XCConfigurationList section */

/* Begin XCRemoteSwiftPackageReference section */
		4AED40B628B70E3E0067ECBB /* XCRemoteSwiftPackageReference "swift-composable-architecture" */ = {
			isa = XCRemoteSwiftPackageReference;
			repositoryURL = "https://github.com/pointfreeco/swift-composable-architecture.git";
			requirement = {
				kind = upToNextMajorVersion;
				minimumVersion = 0.9.0;
			};
		};
/* End XCRemoteSwiftPackageReference section */

/* Begin XCSwiftPackageProductDependency section */
		4AED40B728B70E3E0067ECBB /* ComposableArchitecture */ = {
			isa = XCSwiftPackageProductDependency;
			package = 4AED40B628B70E3E0067ECBB /* XCRemoteSwiftPackageReference "swift-composable-architecture" */;
			productName = ComposableArchitecture;
		};
/* End XCSwiftPackageProductDependency section */
	};
	rootObject = 4AED408128B709D60067ECBB /* Project object */;
}
